
Microsoft Visual Studio Solution File, Format Version 12.00
# Visual Studio Version 17
VisualStudioVersion = 17.13.35825.156 d17.13
MinimumVisualStudioVersion = 10.0.40219.1
Project("{FAE04EC0-301F-11D3-BF4B-00C04F79EFBC}") = "API_ToDo", "API_ToDo.csproj", "{EB853B1F-6BB9-40B5-9C46-3056C2A378A1}"
EndProject
Global
	GlobalSection(SolutionConfigurationPlatforms) = preSolution
		Debug|Any CPU = Debug|Any CPU
		Release|Any CPU = Release|Any CPU
	EndGlobalSection
	GlobalSection(ProjectConfigurationPlatforms) = postSolution
		{EB853B1F-6BB9-40B5-9C46-3056C2A378A1}.Debug|Any CPU.ActiveCfg = Debug|Any CPU
		{EB853B1F-6BB9-40B5-9C46-3056C2A378A1}.Debug|Any CPU.Build.0 = Debug|Any CPU
		{EB853B1F-6BB9-40B5-9C46-3056C2A378A1}.Release|Any CPU.ActiveCfg = Release|Any CPU
		{EB853B1F-6BB9-40B5-9C46-3056C2A378A1}.Release|Any CPU.Build.0 = Release|Any CPU
	EndGlobalSection
	GlobalSection(SolutionProperties) = preSolution
		HideSolutionNode = FALSE
	EndGlobalSection
	GlobalSection(ExtensibilityGlobals) = postSolution
		SolutionGuid = {53B39863-9243-4221-B885-E65904C69EDE}
	EndGlobalSection
EndGlobal
