
Microsoft Visual Studio Solution File, Format Version 12.00
# Visual Studio Version 17
VisualStudioVersion = 17.11.35303.130
MinimumVisualStudioVersion = 10.0.40219.1
Project("{9A19103F-16F7-4668-BE54-9A1E7A4F7556}") = "ToDoList.WebHost", "ToDoList.WebHost\ToDoList.WebHost.csproj", "{11E21DD1-6E4F-4DE4-BB6B-5B323696DA10}"
EndProject
Project("{9A19103F-16F7-4668-BE54-9A1E7A4F7556}") = "ToDoList.Application", "ToDoList.Application\ToDoList.Application.csproj", "{F47584E1-23C0-4DE4-8E19-D9385BACDBD7}"
EndProject
Project("{9A19103F-16F7-4668-BE54-9A1E7A4F7556}") = "ToDoList.Core", "ToDoList.Core\ToDoList.Core.csproj", "{D1B940AF-C451-4BD9-BE14-6905A4F674C2}"
EndProject
Project("{9A19103F-16F7-4668-BE54-9A1E7A4F7556}") = "ToDoList.Infrastructure", "ToDoList.Infrastructure\ToDoList.Infrastructure.csproj", "{78CA7072-F7CA-4280-B90C-24706FFC3DA6}"
EndProject
Global
	GlobalSection(SolutionConfigurationPlatforms) = preSolution
		Debug|Any CPU = Debug|Any CPU
		Release|Any CPU = Release|Any CPU
	EndGlobalSection
	GlobalSection(ProjectConfigurationPlatforms) = postSolution
		{11E21DD1-6E4F-4DE4-BB6B-5B323696DA10}.Debug|Any CPU.ActiveCfg = Debug|Any CPU
		{11E21DD1-6E4F-4DE4-BB6B-5B323696DA10}.Debug|Any CPU.Build.0 = Debug|Any CPU
		{11E21DD1-6E4F-4DE4-BB6B-5B323696DA10}.Release|Any CPU.ActiveCfg = Release|Any CPU
		{11E21DD1-6E4F-4DE4-BB6B-5B323696DA10}.Release|Any CPU.Build.0 = Release|Any CPU
		{F47584E1-23C0-4DE4-8E19-D9385BACDBD7}.Debug|Any CPU.ActiveCfg = Debug|Any CPU
		{F47584E1-23C0-4DE4-8E19-D9385BACDBD7}.Debug|Any CPU.Build.0 = Debug|Any CPU
		{F47584E1-23C0-4DE4-8E19-D9385BACDBD7}.Release|Any CPU.ActiveCfg = Release|Any CPU
		{F47584E1-23C0-4DE4-8E19-D9385BACDBD7}.Release|Any CPU.Build.0 = Release|Any CPU
		{D1B940AF-C451-4BD9-BE14-6905A4F674C2}.Debug|Any CPU.ActiveCfg = Debug|Any CPU
		{D1B940AF-C451-4BD9-BE14-6905A4F674C2}.Debug|Any CPU.Build.0 = Debug|Any CPU
		{D1B940AF-C451-4BD9-BE14-6905A4F674C2}.Release|Any CPU.ActiveCfg = Release|Any CPU
		{D1B940AF-C451-4BD9-BE14-6905A4F674C2}.Release|Any CPU.Build.0 = Release|Any CPU
		{78CA7072-F7CA-4280-B90C-24706FFC3DA6}.Debug|Any CPU.ActiveCfg = Debug|Any CPU
		{78CA7072-F7CA-4280-B90C-24706FFC3DA6}.Debug|Any CPU.Build.0 = Debug|Any CPU
		{78CA7072-F7CA-4280-B90C-24706FFC3DA6}.Release|Any CPU.ActiveCfg = Release|Any CPU
		{78CA7072-F7CA-4280-B90C-24706FFC3DA6}.Release|Any CPU.Build.0 = Release|Any CPU
	EndGlobalSection
	GlobalSection(SolutionProperties) = preSolution
		HideSolutionNode = FALSE
	EndGlobalSection
	GlobalSection(ExtensibilityGlobals) = postSolution
		SolutionGuid = {8E5D313E-702B-48A9-8DD6-E74BF616C06E}
	EndGlobalSection
EndGlobal
